
Microsoft Visual Studio Solution File, Format Version 12.00
# Visual Studio Version 16
VisualStudioVersion = 16.0.28729.10
MinimumVisualStudioVersion = 10.0.40219.1
Project("{FAE04EC0-301F-11D3-BF4B-00C04F79EFBC}") = "bmssettings", "bmssettings\bmssettings.csproj", "{53909BCC-096D-42C5-99A2-55F1B9E26F37}"
EndProject
Global
	GlobalSection(SolutionConfigurationPlatforms) = preSolution
		Debug|Any CPU = Debug|Any CPU
		Release|Any CPU = Release|Any CPU
	EndGlobalSection
	GlobalSection(ProjectConfigurationPlatforms) = postSolution
		{53909BCC-096D-42C5-99A2-55F1B9E26F37}.Debug|Any CPU.ActiveCfg = Debug|Any CPU
		{53909BCC-096D-42C5-99A2-55F1B9E26F37}.Debug|Any CPU.Build.0 = Debug|Any CPU
		{53909BCC-096D-42C5-99A2-55F1B9E26F37}.Release|Any CPU.ActiveCfg = Release|Any CPU
		{53909BCC-096D-42C5-99A2-55F1B9E26F37}.Release|Any CPU.Build.0 = Release|Any CPU
	EndGlobalSection
	GlobalSection(SolutionProperties) = preSolution
		HideSolutionNode = FALSE
	EndGlobalSection
	GlobalSection(ExtensibilityGlobals) = postSolution
		SolutionGuid = {7861DF46-896B-43FD-9015-50C840EA8FBB}
	EndGlobalSection
EndGlobal
